
Microsoft Visual Studio Solution File, Format Version 12.00
# Visual Studio 15
VisualStudioVersion = 15.0.28307.421
MinimumVisualStudioVersion = 10.0.40219.1
Project("{FAE04EC0-301F-11D3-BF4B-00C04F79EFBC}") = "WindowsFormsApp10", "WindowsFormsApp10\WindowsFormsApp10.csproj", "{EBE15B4F-9D27-4143-81DC-430BA4C8244E}"
EndProject
Global
	GlobalSection(SolutionConfigurationPlatforms) = preSolution
		Debug|Any CPU = Debug|Any CPU
		Release|Any CPU = Release|Any CPU
	EndGlobalSection
	GlobalSection(ProjectConfigurationPlatforms) = postSolution
		{EBE15B4F-9D27-4143-81DC-430BA4C8244E}.Debug|Any CPU.ActiveCfg = Debug|Any CPU
		{EBE15B4F-9D27-4143-81DC-430BA4C8244E}.Debug|Any CPU.Build.0 = Debug|Any CPU
		{EBE15B4F-9D27-4143-81DC-430BA4C8244E}.Release|Any CPU.ActiveCfg = Release|Any CPU
		{EBE15B4F-9D27-4143-81DC-430BA4C8244E}.Release|Any CPU.Build.0 = Release|Any CPU
	EndGlobalSection
	GlobalSection(SolutionProperties) = preSolution
		HideSolutionNode = FALSE
	EndGlobalSection
	GlobalSection(ExtensibilityGlobals) = postSolution
		SolutionGuid = {753206F0-4833-445A-A66D-12B897D01F9A}
	EndGlobalSection
EndGlobal
